
Microsoft Visual Studio Solution File, Format Version 12.00
# Visual Studio Version 17
VisualStudioVersion = 17.14.36518.9 d17.14
MinimumVisualStudioVersion = 10.0.40219.1
Project("{FAE04EC0-301F-11D3-BF4B-00C04F79EFBC}") = "quanliphongtro", "quanliphongtroc#\quanliphongtro.csproj", "{FF75AD40-43EB-43BB-96E5-D587690F9D45}"
EndProject
Global
	GlobalSection(SolutionConfigurationPlatforms) = preSolution
		Debug|Any CPU = Debug|Any CPU
		Release|Any CPU = Release|Any CPU
	EndGlobalSection
	GlobalSection(ProjectConfigurationPlatforms) = postSolution
		{FF75AD40-43EB-43BB-96E5-D587690F9D45}.Debug|Any CPU.ActiveCfg = Debug|Any CPU
		{FF75AD40-43EB-43BB-96E5-D587690F9D45}.Debug|Any CPU.Build.0 = Debug|Any CPU
		{FF75AD40-43EB-43BB-96E5-D587690F9D45}.Release|Any CPU.ActiveCfg = Release|Any CPU
		{FF75AD40-43EB-43BB-96E5-D587690F9D45}.Release|Any CPU.Build.0 = Release|Any CPU
	EndGlobalSection
	GlobalSection(SolutionProperties) = preSolution
		HideSolutionNode = FALSE
	EndGlobalSection
	GlobalSection(ExtensibilityGlobals) = postSolution
		SolutionGuid = {1D072EA2-2299-41C6-A589-8DCD31568784}
	EndGlobalSection
EndGlobal
